
Microsoft Visual Studio Solution File, Format Version 12.00
# Visual Studio Version 16
VisualStudioVersion = 16.0.30011.19
MinimumVisualStudioVersion = 10.0.40219.1
Project("{9A19103F-16F7-4668-BE54-9A1E7A4F7556}") = "ServerlessFoodDelivery.FunctionApp.Orders", "ServerlessFoodDelivery.FunctionApp.Orders\ServerlessFoodDelivery.FunctionApp.Orders.csproj", "{5E94B96F-F386-45D1-9477-DB5E85BA78A9}"
EndProject
Project("{9A19103F-16F7-4668-BE54-9A1E7A4F7556}") = "ServerlessFoodDelivery.Models", "ServerlessFoodDelivery.Models\ServerlessFoodDelivery.Models.csproj", "{F1D1B1A6-A969-4EBB-AD91-9E5A1AAC6A32}"
EndProject
Project("{9A19103F-16F7-4668-BE54-9A1E7A4F7556}") = "ServerlessFoodDelivery.FunctionApp.Orchestrators", "ServerlessFoodDelivery.FunctionApp.Orchestrators\ServerlessFoodDelivery.FunctionApp.Orchestrators.csproj", "{75792633-BFC2-4D1E-A4FB-F40E92E102BB}"
EndProject
Project("{9A19103F-16F7-4668-BE54-9A1E7A4F7556}") = "ServerlessFoodDelivery.FunctionApp.Mock", "ServerlessFoodDelivery.FunctionApp.Mock\ServerlessFoodDelivery.FunctionApp.Mock.csproj", "{C82AC36D-3DB2-4E3D-B7A7-35ABE901420B}"
EndProject
Project("{9A19103F-16F7-4668-BE54-9A1E7A4F7556}") = "ServerlessFoodDelivery.FunctionApp.Restaurants", "ServerlessFoodDelivery.FunctionApp.Restaurants\ServerlessFoodDelivery.FunctionApp.Restaurants.csproj", "{9085C1BC-072E-4B95-AB7B-764B7B171A82}"
EndProject
Project("{9A19103F-16F7-4668-BE54-9A1E7A4F7556}") = "ServerlessFoodDelivery.Shared", "ServerlessFoodDelivery.Shared\ServerlessFoodDelivery.Shared.csproj", "{73071828-B551-4225-9D4E-0A46C20A42CA}"
EndProject
Global
	GlobalSection(SolutionConfigurationPlatforms) = preSolution
		Debug|Any CPU = Debug|Any CPU
		Release|Any CPU = Release|Any CPU
	EndGlobalSection
	GlobalSection(ProjectConfigurationPlatforms) = postSolution
		{5E94B96F-F386-45D1-9477-DB5E85BA78A9}.Debug|Any CPU.ActiveCfg = Debug|Any CPU
		{5E94B96F-F386-45D1-9477-DB5E85BA78A9}.Debug|Any CPU.Build.0 = Debug|Any CPU
		{5E94B96F-F386-45D1-9477-DB5E85BA78A9}.Release|Any CPU.ActiveCfg = Release|Any CPU
		{5E94B96F-F386-45D1-9477-DB5E85BA78A9}.Release|Any CPU.Build.0 = Release|Any CPU
		{F1D1B1A6-A969-4EBB-AD91-9E5A1AAC6A32}.Debug|Any CPU.ActiveCfg = Debug|Any CPU
		{F1D1B1A6-A969-4EBB-AD91-9E5A1AAC6A32}.Debug|Any CPU.Build.0 = Debug|Any CPU
		{F1D1B1A6-A969-4EBB-AD91-9E5A1AAC6A32}.Release|Any CPU.ActiveCfg = Release|Any CPU
		{F1D1B1A6-A969-4EBB-AD91-9E5A1AAC6A32}.Release|Any CPU.Build.0 = Release|Any CPU
		{75792633-BFC2-4D1E-A4FB-F40E92E102BB}.Debug|Any CPU.ActiveCfg = Debug|Any CPU
		{75792633-BFC2-4D1E-A4FB-F40E92E102BB}.Debug|Any CPU.Build.0 = Debug|Any CPU
		{75792633-BFC2-4D1E-A4FB-F40E92E102BB}.Release|Any CPU.ActiveCfg = Release|Any CPU
		{75792633-BFC2-4D1E-A4FB-F40E92E102BB}.Release|Any CPU.Build.0 = Release|Any CPU
		{C82AC36D-3DB2-4E3D-B7A7-35ABE901420B}.Debug|Any CPU.ActiveCfg = Debug|Any CPU
		{C82AC36D-3DB2-4E3D-B7A7-35ABE901420B}.Debug|Any CPU.Build.0 = Debug|Any CPU
		{C82AC36D-3DB2-4E3D-B7A7-35ABE901420B}.Release|Any CPU.ActiveCfg = Release|Any CPU
		{C82AC36D-3DB2-4E3D-B7A7-35ABE901420B}.Release|Any CPU.Build.0 = Release|Any CPU
		{9085C1BC-072E-4B95-AB7B-764B7B171A82}.Debug|Any CPU.ActiveCfg = Debug|Any CPU
		{9085C1BC-072E-4B95-AB7B-764B7B171A82}.Debug|Any CPU.Build.0 = Debug|Any CPU
		{9085C1BC-072E-4B95-AB7B-764B7B171A82}.Release|Any CPU.ActiveCfg = Release|Any CPU
		{9085C1BC-072E-4B95-AB7B-764B7B171A82}.Release|Any CPU.Build.0 = Release|Any CPU
		{73071828-B551-4225-9D4E-0A46C20A42CA}.Debug|Any CPU.ActiveCfg = Debug|Any CPU
		{73071828-B551-4225-9D4E-0A46C20A42CA}.Debug|Any CPU.Build.0 = Debug|Any CPU
		{73071828-B551-4225-9D4E-0A46C20A42CA}.Release|Any CPU.ActiveCfg = Release|Any CPU
		{73071828-B551-4225-9D4E-0A46C20A42CA}.Release|Any CPU.Build.0 = Release|Any CPU
	EndGlobalSection
	GlobalSection(SolutionProperties) = preSolution
		HideSolutionNode = FALSE
	EndGlobalSection
	GlobalSection(ExtensibilityGlobals) = postSolution
		SolutionGuid = {95D00BB2-D790-4E21-8828-1E54B5A1983F}
	EndGlobalSection
EndGlobal
